
Microsoft Visual Studio Solution File, Format Version 12.00
# Visual Studio 15
Project("{FAE04EC0-301F-11D3-BF4B-00C04F79EFBC}") = "Assembly-CSharp", "Assembly-CSharp.csproj", "{D856E330-A2AF-B80B-AB90-A81A3D8B2D9D}"
EndProject
Project("{FAE04EC0-301F-11D3-BF4B-00C04F79EFBC}") = "Assembly-CSharp-Editor", "Assembly-CSharp-Editor.csproj", "{82303720-08E3-4308-62A9-C04F5DBE8397}"
EndProject
Global
	GlobalSection(SolutionConfigurationPlatforms) = preSolution
		Debug|Any CPU = Debug|Any CPU
		Release|Any CPU = Release|Any CPU
	EndGlobalSection
	GlobalSection(ProjectConfigurationPlatforms) = postSolution
		{D856E330-A2AF-B80B-AB90-A81A3D8B2D9D}.Debug|Any CPU.ActiveCfg = Debug|Any CPU
		{D856E330-A2AF-B80B-AB90-A81A3D8B2D9D}.Debug|Any CPU.Build.0 = Debug|Any CPU
		{D856E330-A2AF-B80B-AB90-A81A3D8B2D9D}.Release|Any CPU.ActiveCfg = Release|Any CPU
		{D856E330-A2AF-B80B-AB90-A81A3D8B2D9D}.Release|Any CPU.Build.0 = Release|Any CPU
		{82303720-08E3-4308-62A9-C04F5DBE8397}.Debug|Any CPU.ActiveCfg = Debug|Any CPU
		{82303720-08E3-4308-62A9-C04F5DBE8397}.Debug|Any CPU.Build.0 = Debug|Any CPU
		{82303720-08E3-4308-62A9-C04F5DBE8397}.Release|Any CPU.ActiveCfg = Release|Any CPU
		{82303720-08E3-4308-62A9-C04F5DBE8397}.Release|Any CPU.Build.0 = Release|Any CPU
	EndGlobalSection
	GlobalSection(SolutionProperties) = preSolution
		HideSolutionNode = FALSE
	EndGlobalSection
EndGlobal
